
Microsoft Visual Studio Solution File, Format Version 12.00
# Visual Studio Version 16
VisualStudioVersion = 16.0.29306.81
MinimumVisualStudioVersion = 10.0.40219.1
Project("{F184B08F-C81C-45F6-A57F-5ABD9991F28F}") = "Laboratorio1", "Laboratorio1\Laboratorio1.vbproj", "{C8AB0423-A42F-495F-BCD3-2F2AAA8DCD47}"
EndProject
Global
	GlobalSection(SolutionConfigurationPlatforms) = preSolution
		Debug|Any CPU = Debug|Any CPU
		Release|Any CPU = Release|Any CPU
	EndGlobalSection
	GlobalSection(ProjectConfigurationPlatforms) = postSolution
		{C8AB0423-A42F-495F-BCD3-2F2AAA8DCD47}.Debug|Any CPU.ActiveCfg = Debug|Any CPU
		{C8AB0423-A42F-495F-BCD3-2F2AAA8DCD47}.Debug|Any CPU.Build.0 = Debug|Any CPU
		{C8AB0423-A42F-495F-BCD3-2F2AAA8DCD47}.Release|Any CPU.ActiveCfg = Release|Any CPU
		{C8AB0423-A42F-495F-BCD3-2F2AAA8DCD47}.Release|Any CPU.Build.0 = Release|Any CPU
	EndGlobalSection
	GlobalSection(SolutionProperties) = preSolution
		HideSolutionNode = FALSE
	EndGlobalSection
	GlobalSection(ExtensibilityGlobals) = postSolution
		SolutionGuid = {5DCCC843-1D9B-4A5A-804D-29EB3F5E5EAD}
	EndGlobalSection
EndGlobal
